# THIS IS AN AUTOGENERATED FILE. DO NOT EDIT THIS FILE DIRECTLY.
# yarn lockfile v1


slm-env-backup-unitywalker-v0@^0.0.0:
  version "0.0.0"
  resolved "https://registry.yarnpkg.com/slm-env-backup-unitywalker-v0/-/slm-env-backup-unitywalker-v0-0.0.0.tgz#3c5bc597efed787ac64b9683243d009905f4e430"
  integrity sha512-AEveh4cer7Dci/nah80jVI6lSC4nT+ZOS//xK1lZ29C+MLu6AS8/0nuorFOyZuHKolA0LGvxb+1e76PJL8CRlg==

slm-env-unitybouncer-v0@^0.0.2:
  version "0.0.2"
  resolved "https://registry.yarnpkg.com/slm-env-unitybouncer-v0/-/slm-env-unitybouncer-v0-0.0.2.tgz#a273edfb7e7d884b07fee983cc176d89c7330197"
  integrity sha512-Fzuf0lJPQiQ6jWicTYmn6aD+v1gSJioEGrkohP0SJXYY7yjuCDAfyw+stveeJMC1BPbIzGNJ+e+eLK7qDoOukA==

slm-env-unitycrawlerdynamictarget-v0@^0.0.1:
  version "0.0.1"
  resolved "https://registry.yarnpkg.com/slm-env-unitycrawlerdynamictarget-v0/-/slm-env-unitycrawlerdynamictarget-v0-0.0.1.tgz#24ca7270d8faaddc1a1770d87213a2eef4d2f26f"
  integrity sha512-mne0ZqgHa0Hhr0mf6re7jZJmXkwL4WX15JxDhvWPTE0K7ZmxCVPADNkEXNXcVIuskGDo0Ai4lpEnD9K4MQCxIQ==

slm-env-unitycrawlerstatictarget-v0@^0.0.1:
  version "0.0.1"
  resolved "https://registry.yarnpkg.com/slm-env-unitycrawlerstatictarget-v0/-/slm-env-unitycrawlerstatictarget-v0-0.0.1.tgz#02672964a43fcec6ec0694c5eb2a7a5b2f87521f"
  integrity sha512-Fm2tq2HWQj/tnOFRNhDpQZukWcAcN0zTkIicUe7KXpEYPPDKacU6tn11TIGIEpVm3hOtCR+wKE7weaaSanV+Rg==

slm-env-unitygridworld-v0@^0.0.1:
  version "0.0.1"
  resolved "https://registry.yarnpkg.com/slm-env-unitygridworld-v0/-/slm-env-unitygridworld-v0-0.0.1.tgz#95e23b8b099af0627d0e67bbf53ecfaa95eee567"
  integrity sha512-THekbh6nkr6gV2ny2WjcpnylVuPpx11LYVgGThQjkvgZ/cZ0jfhndVcg6o9GCnyhN5Bhs20ouhIRZdCZPnq85Q==

slm-env-unityhallway-v0@^0.0.1:
  version "0.0.1"
  resolved "https://registry.yarnpkg.com/slm-env-unityhallway-v0/-/slm-env-unityhallway-v0-0.0.1.tgz#e1ed34e6997ff7a9d2624df7b12488a40643c9ea"
  integrity sha512-KphHgh+YG6JXyEvuzGfRgeF1sigaGr6rC7iIe5+9adAfJeLbnawhmarQISx5l6c2U9lcbfSrxGSeAmUb7apX5A==

slm-env-unitypushblock-v0@^0.0.1:
  version "0.0.1"
  resolved "https://registry.yarnpkg.com/slm-env-unitypushblock-v0/-/slm-env-unitypushblock-v0-0.0.1.tgz#6913cd8d7c0612d52c56e8e6ec6ef49ac0196840"
  integrity sha512-zMSCGio4gn7sZJuevALg1A3lGEPiatxpdUrejTSO1LR3GqYBWWTIA04Q7eQhOH1caY3h4/b8kxwXoehQkWIGWQ==

slm-env-unityreacher-v0@^0.0.1:
  version "0.0.1"
  resolved "https://registry.yarnpkg.com/slm-env-unityreacher-v0/-/slm-env-unityreacher-v0-0.0.1.tgz#6a540d209e04f747c631b34f48bede64c9e4c6bc"
  integrity sha512-AQWsfPe+XDuXbRwi6duuy4EPvpANFcLnxfojug71OeN2EPCZw9ru3EEx9Gc07Nd8QxjnE4KnHk9TfbLpXM20iw==
