# THIS IS AN AUTOGENERATED FILE. DO NOT EDIT THIS FILE DIRECTLY.
# yarn lockfile v1


config@^1.28.0:
  version "1.28.0"
  resolved "https://registry.yarnpkg.com/config/-/config-1.28.0.tgz#666740053a81489905f26087c8656394c193507d"
  dependencies:
    json5 "0.4.0"
    os-homedir "1.0.2"

json5@0.4.0:
  version "0.4.0"
  resolved "https://registry.yarnpkg.com/json5/-/json5-0.4.0.tgz#054352e4c4c80c86c0923877d449de176a732c8d"

os-homedir@1.0.2:
  version "1.0.2"
  resolved "https://registry.yarnpkg.com/os-homedir/-/os-homedir-1.0.2.tgz#ffbc4988336e0e833de0c168c7ef152121aa7fb3"

slm-env-3dball@^1.0.1:
  version "1.0.1"
  resolved "https://registry.yarnpkg.com/slm-env-3dball/-/slm-env-3dball-1.0.1.tgz#7a299fa56c2eba9f7afda49199bd8789a1e5597e"

slm-env-gridworld@^1.0.1:
  version "1.0.1"
  resolved "https://registry.yarnpkg.com/slm-env-gridworld/-/slm-env-gridworld-1.0.1.tgz#ecdee8c33dc9f3f7a99da3d1319d4357e47e2b4e"

slm-env-tennis@^1.0.0:
  version "1.0.0"
  resolved "https://registry.yarnpkg.com/slm-env-tennis/-/slm-env-tennis-1.0.0.tgz#ac2e04e23be4fb771520e05819d7fce1811b167f"
